// !$*UTF8*$!
{
	archiveVersion = 1;
	classes = {
	};
	objectVersion = 50;
	objects = {

/* Begin PBXBuildFile section */
		18319ECB22E4F60800D029E5 /* FoursquareClient.swift in Sources */ = {isa = PBXBuildFile; fileRef = 18319ECA22E4F60800D029E5 /* FoursquareClient.swift */; };
		18319ECD22E5BF2100D029E5 /* FoursquareViewController.swift in Sources */ = {isa = PBXBuildFile; fileRef = 18319ECC22E5BF2100D029E5 /* FoursquareViewController.swift */; };
		18319ED122E6FA8100D029E5 /* FoursquareReview.swift in Sources */ = {isa = PBXBuildFile; fileRef = 18319ED022E6FA8100D029E5 /* FoursquareReview.swift */; };
		18319ED322E7053200D029E5 /* TipsAndReviewsTableViewCell.swift in Sources */ = {isa = PBXBuildFile; fileRef = 18319ED222E7053200D029E5 /* TipsAndReviewsTableViewCell.swift */; };
		18319ED522E70FB200D029E5 /* PhotoCollectionViewCell.swift in Sources */ = {isa = PBXBuildFile; fileRef = 18319ED422E70FB200D029E5 /* PhotoCollectionViewCell.swift */; };
		1848DC8722CDFB6300FFCD3F /* LocationSearchTable.swift in Sources */ = {isa = PBXBuildFile; fileRef = 1848DC8622CDFB6300FFCD3F /* LocationSearchTable.swift */; };
		1848DC8A22CE924400FFCD3F /* MKPlacemarkExtension.swift in Sources */ = {isa = PBXBuildFile; fileRef = 1848DC8922CE924400FFCD3F /* MKPlacemarkExtension.swift */; };
		1848DC8E22CEA10500FFCD3F /* Cosmos.swift in Sources */ = {isa = PBXBuildFile; fileRef = 1848DC8D22CEA10500FFCD3F /* Cosmos.swift */; };
		1863AF7022DA07FF002451D2 /* InteractiveModalPresentationController.swift in Sources */ = {isa = PBXBuildFile; fileRef = 1863AF6F22DA07FF002451D2 /* InteractiveModalPresentationController.swift */; };
		1863AF7222DA080D002451D2 /* InteractiveModalTransitioningDelegate.swift in Sources */ = {isa = PBXBuildFile; fileRef = 1863AF7122DA080D002451D2 /* InteractiveModalTransitioningDelegate.swift */; };
		1863AF7422DA08E0002451D2 /* SpotDetailsViewController.swift in Sources */ = {isa = PBXBuildFile; fileRef = 1863AF7322DA08E0002451D2 /* SpotDetailsViewController.swift */; };
		1863AF7622DB6200002451D2 /* ListTableViewCell.swift in Sources */ = {isa = PBXBuildFile; fileRef = 1863AF7522DB6200002451D2 /* ListTableViewCell.swift */; };
		1863AF7822DB9F9A002451D2 /* launchScreenLogo.png in Resources */ = {isa = PBXBuildFile; fileRef = 1863AF7722DB9F99002451D2 /* launchScreenLogo.png */; };
		1863AF7A22DF1DBA002451D2 /* DetailViewController.swift in Sources */ = {isa = PBXBuildFile; fileRef = 1863AF7922DF1DBA002451D2 /* DetailViewController.swift */; };
		18A67CCE22E7299700875BF4 /* PhotoPlaceholderCollectionViewCell.swift in Sources */ = {isa = PBXBuildFile; fileRef = 18A67CCD22E7299700875BF4 /* PhotoPlaceholderCollectionViewCell.swift */; };
		18D67E4722D4D96700614EFA /* ImageViewCollectionViewCell.swift in Sources */ = {isa = PBXBuildFile; fileRef = 18D67E4622D4D96700614EFA /* ImageViewCollectionViewCell.swift */; };
		18D67E4922D4DFED00614EFA /* PlaceholderCollectionViewCell.swift in Sources */ = {isa = PBXBuildFile; fileRef = 18D67E4822D4DFED00614EFA /* PlaceholderCollectionViewCell.swift */; };
		18D67E4B22D4E43D00614EFA /* UIDeviceExtension.swift in Sources */ = {isa = PBXBuildFile; fileRef = 18D67E4A22D4E43D00614EFA /* UIDeviceExtension.swift */; };
		18D93CE122C4D62100735860 /* AppDelegate.swift in Sources */ = {isa = PBXBuildFile; fileRef = 18D93CE022C4D62100735860 /* AppDelegate.swift */; };
		18D93CE622C4D62100735860 /* Main.storyboard in Resources */ = {isa = PBXBuildFile; fileRef = 18D93CE422C4D62100735860 /* Main.storyboard */; };
		18D93CE922C4D62100735860 /* myNursingSpots.xcdatamodeld in Sources */ = {isa = PBXBuildFile; fileRef = 18D93CE722C4D62100735860 /* myNursingSpots.xcdatamodeld */; };
		18D93CEB22C4D62100735860 /* Assets.xcassets in Resources */ = {isa = PBXBuildFile; fileRef = 18D93CEA22C4D62100735860 /* Assets.xcassets */; };
		18D93CEE22C4D62100735860 /* LaunchScreen.storyboard in Resources */ = {isa = PBXBuildFile; fileRef = 18D93CEC22C4D62100735860 /* LaunchScreen.storyboard */; };
		18D93CF622C4D7AF00735860 /* MapViewController.swift in Sources */ = {isa = PBXBuildFile; fileRef = 18D93CF522C4D7AF00735860 /* MapViewController.swift */; };
		18D93CF822C4D7E700735860 /* ListViewController.swift in Sources */ = {isa = PBXBuildFile; fileRef = 18D93CF722C4D7E700735860 /* ListViewController.swift */; };
		18D93CFB22C4DAEE00735860 /* MapKit.framework in Frameworks */ = {isa = PBXBuildFile; fileRef = 18D93CFA22C4DAEE00735860 /* MapKit.framework */; };
		18D93CFF22CC9CD300735860 /* ComposerViewController.swift in Sources */ = {isa = PBXBuildFile; fileRef = 18D93CFE22CC9CD300735860 /* ComposerViewController.swift */; };
		18D93D0522CCA58100735860 /* DataController.swift in Sources */ = {isa = PBXBuildFile; fileRef = 18D93D0422CCA58100735860 /* DataController.swift */; };
		18D93D0722CCAA5F00735860 /* SpotAnnotation.swift in Sources */ = {isa = PBXBuildFile; fileRef = 18D93D0622CCAA5F00735860 /* SpotAnnotation.swift */; };
/* End PBXBuildFile section */

/* Begin PBXFileReference section */
		18319ECA22E4F60800D029E5 /* FoursquareClient.swift */ = {isa = PBXFileReference; lastKnownFileType = sourcecode.swift; path = FoursquareClient.swift; sourceTree = "<group>"; };
		18319ECC22E5BF2100D029E5 /* FoursquareViewController.swift */ = {isa = PBXFileReference; lastKnownFileType = sourcecode.swift; path = FoursquareViewController.swift; sourceTree = "<group>"; };
		18319ED022E6FA8100D029E5 /* FoursquareReview.swift */ = {isa = PBXFileReference; lastKnownFileType = sourcecode.swift; path = FoursquareReview.swift; sourceTree = "<group>"; };
		18319ED222E7053200D029E5 /* TipsAndReviewsTableViewCell.swift */ = {isa = PBXFileReference; lastKnownFileType = sourcecode.swift; path = TipsAndReviewsTableViewCell.swift; sourceTree = "<group>"; };
		18319ED422E70FB200D029E5 /* PhotoCollectionViewCell.swift */ = {isa = PBXFileReference; lastKnownFileType = sourcecode.swift; path = PhotoCollectionViewCell.swift; sourceTree = "<group>"; };
		1848DC8622CDFB6300FFCD3F /* LocationSearchTable.swift */ = {isa = PBXFileReference; lastKnownFileType = sourcecode.swift; path = LocationSearchTable.swift; sourceTree = "<group>"; };
		1848DC8922CE924400FFCD3F /* MKPlacemarkExtension.swift */ = {isa = PBXFileReference; lastKnownFileType = sourcecode.swift; path = MKPlacemarkExtension.swift; sourceTree = "<group>"; };
		1848DC8D22CEA10500FFCD3F /* Cosmos.swift */ = {isa = PBXFileReference; lastKnownFileType = sourcecode.swift; path = Cosmos.swift; sourceTree = "<group>"; };
		1863AF6F22DA07FF002451D2 /* InteractiveModalPresentationController.swift */ = {isa = PBXFileReference; fileEncoding = 4; lastKnownFileType = sourcecode.swift; path = InteractiveModalPresentationController.swift; sourceTree = "<group>"; };
		1863AF7122DA080D002451D2 /* InteractiveModalTransitioningDelegate.swift */ = {isa = PBXFileReference; fileEncoding = 4; lastKnownFileType = sourcecode.swift; path = InteractiveModalTransitioningDelegate.swift; sourceTree = "<group>"; };
		1863AF7322DA08E0002451D2 /* SpotDetailsViewController.swift */ = {isa = PBXFileReference; lastKnownFileType = sourcecode.swift; path = SpotDetailsViewController.swift; sourceTree = "<group>"; };
		1863AF7522DB6200002451D2 /* ListTableViewCell.swift */ = {isa = PBXFileReference; lastKnownFileType = sourcecode.swift; path = ListTableViewCell.swift; sourceTree = "<group>"; };
		1863AF7722DB9F99002451D2 /* launchScreenLogo.png */ = {isa = PBXFileReference; lastKnownFileType = image.png; path = launchScreenLogo.png; sourceTree = "<group>"; };
		1863AF7922DF1DBA002451D2 /* DetailViewController.swift */ = {isa = PBXFileReference; lastKnownFileType = sourcecode.swift; path = DetailViewController.swift; sourceTree = "<group>"; };
		18A67CCD22E7299700875BF4 /* PhotoPlaceholderCollectionViewCell.swift */ = {isa = PBXFileReference; lastKnownFileType = sourcecode.swift; name = PhotoPlaceholderCollectionViewCell.swift; path = ../Model/PhotoPlaceholderCollectionViewCell.swift; sourceTree = "<group>"; };
		18D67E4622D4D96700614EFA /* ImageViewCollectionViewCell.swift */ = {isa = PBXFileReference; lastKnownFileType = sourcecode.swift; path = ImageViewCollectionViewCell.swift; sourceTree = "<group>"; };
		18D67E4822D4DFED00614EFA /* PlaceholderCollectionViewCell.swift */ = {isa = PBXFileReference; lastKnownFileType = sourcecode.swift; path = PlaceholderCollectionViewCell.swift; sourceTree = "<group>"; };
		18D67E4A22D4E43D00614EFA /* UIDeviceExtension.swift */ = {isa = PBXFileReference; lastKnownFileType = sourcecode.swift; path = UIDeviceExtension.swift; sourceTree = "<group>"; };
		18D93CDD22C4D62100735860 /* myNursingSpots.app */ = {isa = PBXFileReference; explicitFileType = wrapper.application; includeInIndex = 0; path = myNursingSpots.app; sourceTree = BUILT_PRODUCTS_DIR; };
		18D93CE022C4D62100735860 /* AppDelegate.swift */ = {isa = PBXFileReference; lastKnownFileType = sourcecode.swift; path = AppDelegate.swift; sourceTree = "<group>"; };
		18D93CE522C4D62100735860 /* Base */ = {isa = PBXFileReference; lastKnownFileType = file.storyboard; name = Base; path = Base.lproj/Main.storyboard; sourceTree = "<group>"; };
		18D93CE822C4D62100735860 /* myNursingSpots.xcdatamodel */ = {isa = PBXFileReference; lastKnownFileType = wrapper.xcdatamodel; path = myNursingSpots.xcdatamodel; sourceTree = "<group>"; };
		18D93CEA22C4D62100735860 /* Assets.xcassets */ = {isa = PBXFileReference; lastKnownFileType = folder.assetcatalog; path = Assets.xcassets; sourceTree = "<group>"; };
		18D93CED22C4D62100735860 /* Base */ = {isa = PBXFileReference; lastKnownFileType = file.storyboard; name = Base; path = Base.lproj/LaunchScreen.storyboard; sourceTree = "<group>"; };
		18D93CEF22C4D62100735860 /* Info.plist */ = {isa = PBXFileReference; lastKnownFileType = text.plist.xml; path = Info.plist; sourceTree = "<group>"; };
		18D93CF522C4D7AF00735860 /* MapViewController.swift */ = {isa = PBXFileReference; lastKnownFileType = sourcecode.swift; path = MapViewController.swift; sourceTree = "<group>"; };
		18D93CF722C4D7E700735860 /* ListViewController.swift */ = {isa = PBXFileReference; lastKnownFileType = sourcecode.swift; path = ListViewController.swift; sourceTree = "<group>"; };
		18D93CFA22C4DAEE00735860 /* MapKit.framework */ = {isa = PBXFileReference; lastKnownFileType = wrapper.framework; name = MapKit.framework; path = System/Library/Frameworks/MapKit.framework; sourceTree = SDKROOT; };
		18D93CFE22CC9CD300735860 /* ComposerViewController.swift */ = {isa = PBXFileReference; lastKnownFileType = sourcecode.swift; path = ComposerViewController.swift; sourceTree = "<group>"; };
		18D93D0422CCA58100735860 /* DataController.swift */ = {isa = PBXFileReference; lastKnownFileType = sourcecode.swift; path = DataController.swift; sourceTree = "<group>"; };
		18D93D0622CCAA5F00735860 /* SpotAnnotation.swift */ = {isa = PBXFileReference; lastKnownFileType = sourcecode.swift; path = SpotAnnotation.swift; sourceTree = "<group>"; };
/* End PBXFileReference section */

/* Begin PBXFrameworksBuildPhase section */
		18D93CDA22C4D62100735860 /* Frameworks */ = {
			isa = PBXFrameworksBuildPhase;
			buildActionMask = 2147483647;
			files = (
				18D93CFB22C4DAEE00735860 /* MapKit.framework in Frameworks */,
			);
			runOnlyForDeploymentPostprocessing = 0;
		};
/* End PBXFrameworksBuildPhase section */

/* Begin PBXGroup section */
		1848DC8822CE91FC00FFCD3F /* Extensions */ = {
			isa = PBXGroup;
			children = (
				1848DC8922CE924400FFCD3F /* MKPlacemarkExtension.swift */,
				18D67E4A22D4E43D00614EFA /* UIDeviceExtension.swift */,
			);
			path = Extensions;
			sourceTree = "<group>";
		};
		1863AF6E22DA07BF002451D2 /* Presentation */ = {
			isa = PBXGroup;
			children = (
				1863AF6F22DA07FF002451D2 /* InteractiveModalPresentationController.swift */,
				1863AF7122DA080D002451D2 /* InteractiveModalTransitioningDelegate.swift */,
			);
			path = Presentation;
			sourceTree = "<group>";
		};
		18D93CD422C4D62100735860 = {
			isa = PBXGroup;
			children = (
				18D93CDF22C4D62100735860 /* myNursingSpots */,
				18D93CDE22C4D62100735860 /* Products */,
				18D93CF922C4DAEE00735860 /* Frameworks */,
			);
			sourceTree = "<group>";
		};
		18D93CDE22C4D62100735860 /* Products */ = {
			isa = PBXGroup;
			children = (
				18D93CDD22C4D62100735860 /* myNursingSpots.app */,
			);
			name = Products;
			sourceTree = "<group>";
		};
		18D93CDF22C4D62100735860 /* myNursingSpots */ = {
			isa = PBXGroup;
			children = (
				18D93CE022C4D62100735860 /* AppDelegate.swift */,
				18D93CE422C4D62100735860 /* Main.storyboard */,
				18D93CEF22C4D62100735860 /* Info.plist */,
				1863AF6E22DA07BF002451D2 /* Presentation */,
				18D93D0022CCA4B000735860 /* Model */,
				18D93D0222CCA4E300735860 /* View */,
				18D93D0322CCA4ED00735860 /* Controller */,
				1848DC8822CE91FC00FFCD3F /* Extensions */,
				18D93D0122CCA4D100735860 /* Assets */,
			);
			path = myNursingSpots;
			sourceTree = "<group>";
		};
		18D93CF922C4DAEE00735860 /* Frameworks */ = {
			isa = PBXGroup;
			children = (
				18D93CFA22C4DAEE00735860 /* MapKit.framework */,
			);
			name = Frameworks;
			sourceTree = "<group>";
		};
		18D93D0022CCA4B000735860 /* Model */ = {
			isa = PBXGroup;
			children = (
				18D93CE722C4D62100735860 /* myNursingSpots.xcdatamodeld */,
				18D93D0622CCAA5F00735860 /* SpotAnnotation.swift */,
				18319ECA22E4F60800D029E5 /* FoursquareClient.swift */,
				18319ED022E6FA8100D029E5 /* FoursquareReview.swift */,
				18319ED422E70FB200D029E5 /* PhotoCollectionViewCell.swift */,
			);
			path = Model;
			sourceTree = "<group>";
		};
		18D93D0122CCA4D100735860 /* Assets */ = {
			isa = PBXGroup;
			children = (
				18D93CEA22C4D62100735860 /* Assets.xcassets */,
				18D93CEC22C4D62100735860 /* LaunchScreen.storyboard */,
				1863AF7722DB9F99002451D2 /* launchScreenLogo.png */,
			);
			path = Assets;
			sourceTree = "<group>";
		};
		18D93D0222CCA4E300735860 /* View */ = {
			isa = PBXGroup;
			children = (
				1848DC8D22CEA10500FFCD3F /* Cosmos.swift */,
				18D67E4622D4D96700614EFA /* ImageViewCollectionViewCell.swift */,
				18319ED222E7053200D029E5 /* TipsAndReviewsTableViewCell.swift */,
				18D67E4822D4DFED00614EFA /* PlaceholderCollectionViewCell.swift */,
				18A67CCD22E7299700875BF4 /* PhotoPlaceholderCollectionViewCell.swift */,
				1863AF7522DB6200002451D2 /* ListTableViewCell.swift */,
			);
			path = View;
			sourceTree = "<group>";
		};
		18D93D0322CCA4ED00735860 /* Controller */ = {
			isa = PBXGroup;
			children = (
				18D93CF522C4D7AF00735860 /* MapViewController.swift */,
				1863AF7322DA08E0002451D2 /* SpotDetailsViewController.swift */,
				18D93CF722C4D7E700735860 /* ListViewController.swift */,
				1848DC8622CDFB6300FFCD3F /* LocationSearchTable.swift */,
				1863AF7922DF1DBA002451D2 /* DetailViewController.swift */,
				18D93CFE22CC9CD300735860 /* ComposerViewController.swift */,
				18D93D0422CCA58100735860 /* DataController.swift */,
				18319ECC22E5BF2100D029E5 /* FoursquareViewController.swift */,
			);
			path = Controller;
			sourceTree = "<group>";
		};
/* End PBXGroup section */

/* Begin PBXNativeTarget section */
		18D93CDC22C4D62100735860 /* myNursingSpots */ = {
			isa = PBXNativeTarget;
			buildConfigurationList = 18D93CF222C4D62100735860 /* Build configuration list for PBXNativeTarget "myNursingSpots" */;
			buildPhases = (
				18D93CD922C4D62100735860 /* Sources */,
				18D93CDA22C4D62100735860 /* Frameworks */,
				18D93CDB22C4D62100735860 /* Resources */,
			);
			buildRules = (
			);
			dependencies = (
			);
			name = myNursingSpots;
			productName = myNursingSpots;
			productReference = 18D93CDD22C4D62100735860 /* myNursingSpots.app */;
			productType = "com.apple.product-type.application";
		};
/* End PBXNativeTarget section */

/* Begin PBXProject section */
		18D93CD522C4D62100735860 /* Project object */ = {
			isa = PBXProject;
			attributes = {
				LastSwiftUpdateCheck = 1020;
				LastUpgradeCheck = 1020;
				ORGANIZATIONNAME = "Elena Kulakova";
				TargetAttributes = {
					18D93CDC22C4D62100735860 = {
						CreatedOnToolsVersion = 10.2.1;
						SystemCapabilities = {
							com.apple.Maps.iOS = {
								enabled = 1;
							};
						};
					};
				};
			};
			buildConfigurationList = 18D93CD822C4D62100735860 /* Build configuration list for PBXProject "myNursingSpots" */;
			compatibilityVersion = "Xcode 9.3";
			developmentRegion = en;
			hasScannedForEncodings = 0;
			knownRegions = (
				en,
				Base,
			);
			mainGroup = 18D93CD422C4D62100735860;
			productRefGroup = 18D93CDE22C4D62100735860 /* Products */;
			projectDirPath = "";
			projectRoot = "";
			targets = (
				18D93CDC22C4D62100735860 /* myNursingSpots */,
			);
		};
/* End PBXProject section */

/* Begin PBXResourcesBuildPhase section */
		18D93CDB22C4D62100735860 /* Resources */ = {
			isa = PBXResourcesBuildPhase;
			buildActionMask = 2147483647;
			files = (
				1863AF7822DB9F9A002451D2 /* launchScreenLogo.png in Resources */,
				18D93CEE22C4D62100735860 /* LaunchScreen.storyboard in Resources */,
				18D93CEB22C4D62100735860 /* Assets.xcassets in Resources */,
				18D93CE622C4D62100735860 /* Main.storyboard in Resources */,
			);
			runOnlyForDeploymentPostprocessing = 0;
		};
/* End PBXResourcesBuildPhase section */

/* Begin PBXSourcesBuildPhase section */
		18D93CD922C4D62100735860 /* Sources */ = {
			isa = PBXSourcesBuildPhase;
			buildActionMask = 2147483647;
			files = (
				18D93CE922C4D62100735860 /* myNursingSpots.xcdatamodeld in Sources */,
				18319ECD22E5BF2100D029E5 /* FoursquareViewController.swift in Sources */,
				18D93D0522CCA58100735860 /* DataController.swift in Sources */,
				1848DC8A22CE924400FFCD3F /* MKPlacemarkExtension.swift in Sources */,
				18D93CFF22CC9CD300735860 /* ComposerViewController.swift in Sources */,
				1848DC8722CDFB6300FFCD3F /* LocationSearchTable.swift in Sources */,
				1863AF7622DB6200002451D2 /* ListTableViewCell.swift in Sources */,
				1863AF7222DA080D002451D2 /* InteractiveModalTransitioningDelegate.swift in Sources */,
				18A67CCE22E7299700875BF4 /* PhotoPlaceholderCollectionViewCell.swift in Sources */,
				18D93CE122C4D62100735860 /* AppDelegate.swift in Sources */,
				18319ED522E70FB200D029E5 /* PhotoCollectionViewCell.swift in Sources */,
				18D93CF822C4D7E700735860 /* ListViewController.swift in Sources */,
				18D93CF622C4D7AF00735860 /* MapViewController.swift in Sources */,
				1863AF7A22DF1DBA002451D2 /* DetailViewController.swift in Sources */,
				18D67E4922D4DFED00614EFA /* PlaceholderCollectionViewCell.swift in Sources */,
				18319ECB22E4F60800D029E5 /* FoursquareClient.swift in Sources */,
				18D93D0722CCAA5F00735860 /* SpotAnnotation.swift in Sources */,
				18319ED122E6FA8100D029E5 /* FoursquareReview.swift in Sources */,
				1848DC8E22CEA10500FFCD3F /* Cosmos.swift in Sources */,
				18D67E4B22D4E43D00614EFA /* UIDeviceExtension.swift in Sources */,
				1863AF7022DA07FF002451D2 /* InteractiveModalPresentationController.swift in Sources */,
				18319ED322E7053200D029E5 /* TipsAndReviewsTableViewCell.swift in Sources */,
				1863AF7422DA08E0002451D2 /* SpotDetailsViewController.swift in Sources */,
				18D67E4722D4D96700614EFA /* ImageViewCollectionViewCell.swift in Sources */,
			);
			runOnlyForDeploymentPostprocessing = 0;
		};
/* End PBXSourcesBuildPhase section */

/* Begin PBXVariantGroup section */
		18D93CE422C4D62100735860 /* Main.storyboard */ = {
			isa = PBXVariantGroup;
			children = (
				18D93CE522C4D62100735860 /* Base */,
			);
			name = Main.storyboard;
			sourceTree = "<group>";
		};
		18D93CEC22C4D62100735860 /* LaunchScreen.storyboard */ = {
			isa = PBXVariantGroup;
			children = (
				18D93CED22C4D62100735860 /* Base */,
			);
			name = LaunchScreen.storyboard;
			sourceTree = "<group>";
		};
/* End PBXVariantGroup section */

/* Begin XCBuildConfiguration section */
		18D93CF022C4D62100735860 /* Debug */ = {
			isa = XCBuildConfiguration;
			buildSettings = {
				ALWAYS_SEARCH_USER_PATHS = NO;
				CLANG_ANALYZER_NONNULL = YES;
				CLANG_ANALYZER_NUMBER_OBJECT_CONVERSION = YES_AGGRESSIVE;
				CLANG_CXX_LANGUAGE_STANDARD = "gnu++14";
				CLANG_CXX_LIBRARY = "libc++";
				CLANG_ENABLE_MODULES = YES;
				CLANG_ENABLE_OBJC_ARC = YES;
				CLANG_ENABLE_OBJC_WEAK = YES;
				CLANG_WARN_BLOCK_CAPTURE_AUTORELEASING = YES;
				CLANG_WARN_BOOL_CONVERSION = YES;
				CLANG_WARN_COMMA = YES;
				CLANG_WARN_CONSTANT_CONVERSION = YES;
				CLANG_WARN_DEPRECATED_OBJC_IMPLEMENTATIONS = YES;
				CLANG_WARN_DIRECT_OBJC_ISA_USAGE = YES_ERROR;
				CLANG_WARN_DOCUMENTATION_COMMENTS = YES;
				CLANG_WARN_EMPTY_BODY = YES;
				CLANG_WARN_ENUM_CONVERSION = YES;
				CLANG_WARN_INFINITE_RECURSION = YES;
				CLANG_WARN_INT_CONVERSION = YES;
				CLANG_WARN_NON_LITERAL_NULL_CONVERSION = YES;
				CLANG_WARN_OBJC_IMPLICIT_RETAIN_SELF = YES;
				CLANG_WARN_OBJC_LITERAL_CONVERSION = YES;
				CLANG_WARN_OBJC_ROOT_CLASS = YES_ERROR;
				CLANG_WARN_RANGE_LOOP_ANALYSIS = YES;
				CLANG_WARN_STRICT_PROTOTYPES = YES;
				CLANG_WARN_SUSPICIOUS_MOVE = YES;
				CLANG_WARN_UNGUARDED_AVAILABILITY = YES_AGGRESSIVE;
				CLANG_WARN_UNREACHABLE_CODE = YES;
				CLANG_WARN__DUPLICATE_METHOD_MATCH = YES;
				CODE_SIGN_IDENTITY = "iPhone Developer";
				COPY_PHASE_STRIP = NO;
				DEBUG_INFORMATION_FORMAT = dwarf;
				ENABLE_STRICT_OBJC_MSGSEND = YES;
				ENABLE_TESTABILITY = YES;
				GCC_C_LANGUAGE_STANDARD = gnu11;
				GCC_DYNAMIC_NO_PIC = NO;
				GCC_NO_COMMON_BLOCKS = YES;
				GCC_OPTIMIZATION_LEVEL = 0;
				GCC_PREPROCESSOR_DEFINITIONS = (
					"DEBUG=1",
					"$(inherited)",
				);
				GCC_WARN_64_TO_32_BIT_CONVERSION = YES;
				GCC_WARN_ABOUT_RETURN_TYPE = YES_ERROR;
				GCC_WARN_UNDECLARED_SELECTOR = YES;
				GCC_WARN_UNINITIALIZED_AUTOS = YES_AGGRESSIVE;
				GCC_WARN_UNUSED_FUNCTION = YES;
				GCC_WARN_UNUSED_VARIABLE = YES;
				IPHONEOS_DEPLOYMENT_TARGET = 12.2;
				MTL_ENABLE_DEBUG_INFO = INCLUDE_SOURCE;
				MTL_FAST_MATH = YES;
				ONLY_ACTIVE_ARCH = YES;
				SDKROOT = iphoneos;
				SWIFT_ACTIVE_COMPILATION_CONDITIONS = DEBUG;
				SWIFT_OPTIMIZATION_LEVEL = "-Onone";
			};
			name = Debug;
		};
		18D93CF122C4D62100735860 /* Release */ = {
			isa = XCBuildConfiguration;
			buildSettings = {
				ALWAYS_SEARCH_USER_PATHS = NO;
				CLANG_ANALYZER_NONNULL = YES;
				CLANG_ANALYZER_NUMBER_OBJECT_CONVERSION = YES_AGGRESSIVE;
				CLANG_CXX_LANGUAGE_STANDARD = "gnu++14";
				CLANG_CXX_LIBRARY = "libc++";
				CLANG_ENABLE_MODULES = YES;
				CLANG_ENABLE_OBJC_ARC = YES;
				CLANG_ENABLE_OBJC_WEAK = YES;
				CLANG_WARN_BLOCK_CAPTURE_AUTORELEASING = YES;
				CLANG_WARN_BOOL_CONVERSION = YES;
				CLANG_WARN_COMMA = YES;
				CLANG_WARN_CONSTANT_CONVERSION = YES;
				CLANG_WARN_DEPRECATED_OBJC_IMPLEMENTATIONS = YES;
				CLANG_WARN_DIRECT_OBJC_ISA_USAGE = YES_ERROR;
				CLANG_WARN_DOCUMENTATION_COMMENTS = YES;
				CLANG_WARN_EMPTY_BODY = YES;
				CLANG_WARN_ENUM_CONVERSION = YES;
				CLANG_WARN_INFINITE_RECURSION = YES;
				CLANG_WARN_INT_CONVERSION = YES;
				CLANG_WARN_NON_LITERAL_NULL_CONVERSION = YES;
				CLANG_WARN_OBJC_IMPLICIT_RETAIN_SELF = YES;
				CLANG_WARN_OBJC_LITERAL_CONVERSION = YES;
				CLANG_WARN_OBJC_ROOT_CLASS = YES_ERROR;
				CLANG_WARN_RANGE_LOOP_ANALYSIS = YES;
				CLANG_WARN_STRICT_PROTOTYPES = YES;
				CLANG_WARN_SUSPICIOUS_MOVE = YES;
				CLANG_WARN_UNGUARDED_AVAILABILITY = YES_AGGRESSIVE;
				CLANG_WARN_UNREACHABLE_CODE = YES;
				CLANG_WARN__DUPLICATE_METHOD_MATCH = YES;
				CODE_SIGN_IDENTITY = "iPhone Developer";
				COPY_PHASE_STRIP = NO;
				DEBUG_INFORMATION_FORMAT = "dwarf-with-dsym";
				ENABLE_NS_ASSERTIONS = NO;
				ENABLE_STRICT_OBJC_MSGSEND = YES;
				GCC_C_LANGUAGE_STANDARD = gnu11;
				GCC_NO_COMMON_BLOCKS = YES;
				GCC_WARN_64_TO_32_BIT_CONVERSION = YES;
				GCC_WARN_ABOUT_RETURN_TYPE = YES_ERROR;
				GCC_WARN_UNDECLARED_SELECTOR = YES;
				GCC_WARN_UNINITIALIZED_AUTOS = YES_AGGRESSIVE;
				GCC_WARN_UNUSED_FUNCTION = YES;
				GCC_WARN_UNUSED_VARIABLE = YES;
				IPHONEOS_DEPLOYMENT_TARGET = 12.2;
				MTL_ENABLE_DEBUG_INFO = NO;
				MTL_FAST_MATH = YES;
				SDKROOT = iphoneos;
				SWIFT_COMPILATION_MODE = wholemodule;
				SWIFT_OPTIMIZATION_LEVEL = "-O";
				VALIDATE_PRODUCT = YES;
			};
			name = Release;
		};
		18D93CF322C4D62100735860 /* Debug */ = {
			isa = XCBuildConfiguration;
			buildSettings = {
				ASSETCATALOG_COMPILER_APPICON_NAME = AppIcon;
				CODE_SIGN_STYLE = Automatic;
				DEVELOPMENT_TEAM = YJ2U97422Q;
				INFOPLIST_FILE = myNursingSpots/Info.plist;
				LD_RUNPATH_SEARCH_PATHS = (
					"$(inherited)",
					"@executable_path/Frameworks",
				);
				PRODUCT_BUNDLE_IDENTIFIER = com.elena.myNursingSpots;
				PRODUCT_NAME = "$(TARGET_NAME)";
				SWIFT_VERSION = 5.0;
				TARGETED_DEVICE_FAMILY = "1,2";
			};
			name = Debug;
		};
		18D93CF422C4D62100735860 /* Release */ = {
			isa = XCBuildConfiguration;
			buildSettings = {
				ASSETCATALOG_COMPILER_APPICON_NAME = AppIcon;
				CODE_SIGN_STYLE = Automatic;
				DEVELOPMENT_TEAM = YJ2U97422Q;
				INFOPLIST_FILE = myNursingSpots/Info.plist;
				LD_RUNPATH_SEARCH_PATHS = (
					"$(inherited)",
					"@executable_path/Frameworks",
				);
				PRODUCT_BUNDLE_IDENTIFIER = com.elena.myNursingSpots;
				PRODUCT_NAME = "$(TARGET_NAME)";
				SWIFT_VERSION = 5.0;
				TARGETED_DEVICE_FAMILY = "1,2";
			};
			name = Release;
		};
/* End XCBuildConfiguration section */

/* Begin XCConfigurationList section */
		18D93CD822C4D62100735860 /* Build configuration list for PBXProject "myNursingSpots" */ = {
			isa = XCConfigurationList;
			buildConfigurations = (
				18D93CF022C4D62100735860 /* Debug */,
				18D93CF122C4D62100735860 /* Release */,
			);
			defaultConfigurationIsVisible = 0;
			defaultConfigurationName = Release;
		};
		18D93CF222C4D62100735860 /* Build configuration list for PBXNativeTarget "myNursingSpots" */ = {
			isa = XCConfigurationList;
			buildConfigurations = (
				18D93CF322C4D62100735860 /* Debug */,
				18D93CF422C4D62100735860 /* Release */,
			);
			defaultConfigurationIsVisible = 0;
			defaultConfigurationName = Release;
		};
/* End XCConfigurationList section */

/* Begin XCVersionGroup section */
		18D93CE722C4D62100735860 /* myNursingSpots.xcdatamodeld */ = {
			isa = XCVersionGroup;
			children = (
				18D93CE822C4D62100735860 /* myNursingSpots.xcdatamodel */,
			);
			currentVersion = 18D93CE822C4D62100735860 /* myNursingSpots.xcdatamodel */;
			path = myNursingSpots.xcdatamodeld;
			sourceTree = "<group>";
			versionGroupType = wrapper.xcdatamodel;
		};
/* End XCVersionGroup section */
	};
	rootObject = 18D93CD522C4D62100735860 /* Project object */;
}
